Microsoft Visual Studio Solution File, Format Version 11.00
# Visual Studio 2010
Project("{8BC9CEB8-8B4A-11D0-8D11-00A0C91BC942}") = "PointMass_Euler", "PointMass_Euler\PointMass_Euler.vcxproj", "{C3B09C0D-6EC5-4725-B402-2DA91176714C}"
EndProject
Global
	GlobalSection(SolutionConfigurationPlatforms) = preSolution
		Debug|Win32 = Debug|Win32
		Release|Win32 = Release|Win32
	EndGlobalSection
	GlobalSection(ProjectConfigurationPlatforms) = postSolution
		{C3B09C0D-6EC5-4725-B402-2DA91176714C}.Debug|Win32.ActiveCfg = Debug|Win32
		{C3B09C0D-6EC5-4725-B402-2DA91176714C}.Debug|Win32.Build.0 = Debug|Win32
		{C3B09C0D-6EC5-4725-B402-2DA91176714C}.Release|Win32.ActiveCfg = Release|Win32
		{C3B09C0D-6EC5-4725-B402-2DA91176714C}.Release|Win32.Build.0 = Release|Win32
	EndGlobalSection
	GlobalSection(SolutionProperties) = preSolution
		HideSolutionNode = FALSE
	EndGlobalSection
EndGlobal
